Microsoft Visual Studio Solution File, Format Version 11.00
# Visual Studio 2008

Project("{71A0EB44-0FBC-D77B-4143-39B526A2CEFD}") = "DualFluidReactor", "Assembly-CSharp.csproj", "{033C4366-35EC-C8BB-2EC0-059BF1F68BBF}"
EndProject
Project("{71A0EB44-0FBC-D77B-4143-39B526A2CEFD}") = "DualFluidReactor", "Assembly-CSharp-Editor.csproj", "{8D887439-1D5A-4AE5-9B13-5173EE310791}"
EndProject
Global
	GlobalSection(SolutionConfigurationPlatforms) = preSolution
		Debug|Any CPU = Debug|Any CPU
		Release|Any CPU = Release|Any CPU
	EndGlobalSection
	GlobalSection(ProjectConfigurationPlatforms) = postSolution
		{033C4366-35EC-C8BB-2EC0-059BF1F68BBF}.Debug|Any CPU.ActiveCfg = Debug|Any CPU
		{033C4366-35EC-C8BB-2EC0-059BF1F68BBF}.Debug|Any CPU.Build.0 = Debug|Any CPU
		{033C4366-35EC-C8BB-2EC0-059BF1F68BBF}.Release|Any CPU.ActiveCfg = Release|Any CPU
		{033C4366-35EC-C8BB-2EC0-059BF1F68BBF}.Release|Any CPU.Build.0 = Release|Any CPU
		{8D887439-1D5A-4AE5-9B13-5173EE310791}.Debug|Any CPU.ActiveCfg = Debug|Any CPU
		{8D887439-1D5A-4AE5-9B13-5173EE310791}.Debug|Any CPU.Build.0 = Debug|Any CPU
		{8D887439-1D5A-4AE5-9B13-5173EE310791}.Release|Any CPU.ActiveCfg = Release|Any CPU
		{8D887439-1D5A-4AE5-9B13-5173EE310791}.Release|Any CPU.Build.0 = Release|Any CPU
	EndGlobalSection
	GlobalSection(SolutionProperties) = preSolution
		HideSolutionNode = FALSE
	EndGlobalSection
	GlobalSection(MonoDevelopProperties) = preSolution
		StartupItem = Assembly-CSharp.csproj
	EndGlobalSection
EndGlobal
